// !$*UTF8*$!
{
	archiveVersion = 1;
	classes = {
	};
	objectVersion = 46;
	objects = {

/* Begin PBXBuildFile section */
		55EDCC39AB3E0464CE634864 /* Pods.framework in Frameworks */ = {isa = PBXBuildFile; fileRef = 8293A3369B53D0B3A817785F /* Pods.framework */; settings = {ATTRIBUTES = (Weak, ); }; };
		6037EA981AEACDCE00FA2977 /* AppDelegate.swift in Sources */ = {isa = PBXBuildFile; fileRef = 6037EA971AEACDCE00FA2977 /* AppDelegate.swift */; };
		6037EA9A1AEACDCE00FA2977 /* ViewController.swift in Sources */ = {isa = PBXBuildFile; fileRef = 6037EA991AEACDCE00FA2977 /* ViewController.swift */; };
		6037EA9D1AEACDCE00FA2977 /* Main.storyboard in Resources */ = {isa = PBXBuildFile; fileRef = 6037EA9B1AEACDCE00FA2977 /* Main.storyboard */; };
		6037EA9F1AEACDCE00FA2977 /* Images.xcassets in Resources */ = {isa = PBXBuildFile; fileRef = 6037EA9E1AEACDCE00FA2977 /* Images.xcassets */; };
		6037EAA21AEACDCE00FA2977 /* LaunchScreen.xib in Resources */ = {isa = PBXBuildFile; fileRef = 6037EAA01AEACDCE00FA2977 /* LaunchScreen.xib */; };
		6037EAAE1AEACDCE00FA2977 /* demoPodAppTests.swift in Sources */ = {isa = PBXBuildFile; fileRef = 6037EAAD1AEACDCE00FA2977 /* demoPodAppTests.swift */; };
/* End PBXBuildFile section */

/* Begin PBXContainerItemProxy section */
		6037EAA81AEACDCE00FA2977 /* PBXContainerItemProxy */ = {
			isa = PBXContainerItemProxy;
			containerPortal = 6037EA8A1AEACDCE00FA2977 /* Project object */;
			proxyType = 1;
			remoteGlobalIDString = 6037EA911AEACDCE00FA2977;
			remoteInfo = demoPodApp;
		};
/* End PBXContainerItemProxy section */

/* Begin PBXFileReference section */
		6037EA921AEACDCE00FA2977 /* demoPodApp.app */ = {isa = PBXFileReference; explicitFileType = wrapper.application; includeInIndex = 0; path = demoPodApp.app; sourceTree = BUILT_PRODUCTS_DIR; };
		6037EA961AEACDCE00FA2977 /* Info.plist */ = {isa = PBXFileReference; lastKnownFileType = text.plist.xml; path = Info.plist; sourceTree = "<group>"; };
		6037EA971AEACDCE00FA2977 /* AppDelegate.swift */ = {isa = PBXFileReference; lastKnownFileType = sourcecode.swift; path = AppDelegate.swift; sourceTree = "<group>"; };
		6037EA991AEACDCE00FA2977 /* ViewController.swift */ = {isa = PBXFileReference; lastKnownFileType = sourcecode.swift; path = ViewController.swift; sourceTree = "<group>"; };
		6037EA9C1AEACDCE00FA2977 /* Base */ = {isa = PBXFileReference; lastKnownFileType = file.storyboard; name = Base; path = Base.lproj/Main.storyboard; sourceTree = "<group>"; };
		6037EA9E1AEACDCE00FA2977 /* Images.xcassets */ = {isa = PBXFileReference; lastKnownFileType = folder.assetcatalog; path = Images.xcassets; sourceTree = "<group>"; };
		6037EAA11AEACDCE00FA2977 /* Base */ = {isa = PBXFileReference; lastKnownFileType = file.xib; name = Base; path = Base.lproj/LaunchScreen.xib; sourceTree = "<group>"; };
		6037EAA71AEACDCE00FA2977 /* demoPodAppTests.xctest */ = {isa = PBXFileReference; explicitFileType = wrapper.cfbundle; includeInIndex = 0; path = demoPodAppTests.xctest; sourceTree = BUILT_PRODUCTS_DIR; };
		6037EAAC1AEACDCE00FA2977 /* Info.plist */ = {isa = PBXFileReference; lastKnownFileType = text.plist.xml; path = Info.plist; sourceTree = "<group>"; };
		6037EAAD1AEACDCE00FA2977 /* demoPodAppTests.swift */ = {isa = PBXFileReference; lastKnownFileType = sourcecode.swift; path = demoPodAppTests.swift; sourceTree = "<group>"; };
		609806F01AEAE264007F41AF /* Podfile */ = {isa = PBXFileReference; fileEncoding = 4; lastKnownFileType = text; path = Podfile; sourceTree = "<group>"; };
		8293A3369B53D0B3A817785F /* Pods.framework */ = {isa = PBXFileReference; explicitFileType = wrapper.framework; includeInIndex = 0; path = Pods.framework; sourceTree = BUILT_PRODUCTS_DIR; };
		94401E48871F9BFEFA784ABA /* Pods.debug.xcconfig */ = {isa = PBXFileReference; includeInIndex = 1; lastKnownFileType = text.xcconfig; name = Pods.debug.xcconfig; path = "Pods/Target Support Files/Pods/Pods.debug.xcconfig"; sourceTree = "<group>"; };
		DD8E99CF16FE383C7CE09705 /* Pods.release.xcconfig */ = {isa = PBXFileReference; includeInIndex = 1; lastKnownFileType = text.xcconfig; name = Pods.release.xcconfig; path = "Pods/Target Support Files/Pods/Pods.release.xcconfig"; sourceTree = "<group>"; };
/* End PBXFileReference section */

/* Begin PBXFrameworksBuildPhase section */
		6037EA8F1AEACDCE00FA2977 /* Frameworks */ = {
			isa = PBXFrameworksBuildPhase;
			buildActionMask = 2147483647;
			files = (
				55EDCC39AB3E0464CE634864 /* Pods.framework in Frameworks */,
			);
			runOnlyForDeploymentPostprocessing = 0;
		};
		6037EAA41AEACDCE00FA2977 /* Frameworks */ = {
			isa = PBXFrameworksBuildPhase;
			buildActionMask = 2147483647;
			files = (
			);
			runOnlyForDeploymentPostprocessing = 0;
		};
/* End PBXFrameworksBuildPhase section */

/* Begin PBXGroup section */
		435554221D733C7ED322F4C0 /* Frameworks */ = {
			isa = PBXGroup;
			children = (
				8293A3369B53D0B3A817785F /* Pods.framework */,
			);
			name = Frameworks;
			sourceTree = "<group>";
		};
		6037EA891AEACDCE00FA2977 = {
			isa = PBXGroup;
			children = (
				609806F01AEAE264007F41AF /* Podfile */,
				6037EA941AEACDCE00FA2977 /* demoPodApp */,
				6037EAAA1AEACDCE00FA2977 /* demoPodAppTests */,
				6037EA931AEACDCE00FA2977 /* Products */,
				93000DA4076B67842DB5DBD0 /* Pods */,
				435554221D733C7ED322F4C0 /* Frameworks */,
			);
			sourceTree = "<group>";
		};
		6037EA931AEACDCE00FA2977 /* Products */ = {
			isa = PBXGroup;
			children = (
				6037EA921AEACDCE00FA2977 /* demoPodApp.app */,
				6037EAA71AEACDCE00FA2977 /* demoPodAppTests.xctest */,
			);
			name = Products;
			sourceTree = "<group>";
		};
		6037EA941AEACDCE00FA2977 /* demoPodApp */ = {
			isa = PBXGroup;
			children = (
				6037EA971AEACDCE00FA2977 /* AppDelegate.swift */,
				6037EA991AEACDCE00FA2977 /* ViewController.swift */,
				6037EA9B1AEACDCE00FA2977 /* Main.storyboard */,
				6037EA9E1AEACDCE00FA2977 /* Images.xcassets */,
				6037EAA01AEACDCE00FA2977 /* LaunchScreen.xib */,
				6037EA951AEACDCE00FA2977 /* Supporting Files */,
			);
			path = demoPodApp;
			sourceTree = "<group>";
		};
		6037EA951AEACDCE00FA2977 /* Supporting Files */ = {
			isa = PBXGroup;
			children = (
				6037EA961AEACDCE00FA2977 /* Info.plist */,
			);
			name = "Supporting Files";
			sourceTree = "<group>";
		};
		6037EAAA1AEACDCE00FA2977 /* demoPodAppTests */ = {
			isa = PBXGroup;
			children = (
				6037EAAD1AEACDCE00FA2977 /* demoPodAppTests.swift */,
				6037EAAB1AEACDCE00FA2977 /* Supporting Files */,
			);
			path = demoPodAppTests;
			sourceTree = "<group>";
		};
		6037EAAB1AEACDCE00FA2977 /* Supporting Files */ = {
			isa = PBXGroup;
			children = (
				6037EAAC1AEACDCE00FA2977 /* Info.plist */,
			);
			name = "Supporting Files";
			sourceTree = "<group>";
		};
		93000DA4076B67842DB5DBD0 /* Pods */ = {
			isa = PBXGroup;
			children = (
				94401E48871F9BFEFA784ABA /* Pods.debug.xcconfig */,
				DD8E99CF16FE383C7CE09705 /* Pods.release.xcconfig */,
			);
			name = Pods;
			sourceTree = "<group>";
		};
/* End PBXGroup section */

/* Begin PBXNativeTarget section */
		6037EA911AEACDCE00FA2977 /* demoPodApp */ = {
			isa = PBXNativeTarget;
			buildConfigurationList = 6037EAB11AEACDCE00FA2977 /* Build configuration list for PBXNativeTarget "demoPodApp" */;
			buildPhases = (
				E29A1AA1FD5AFEDDCD567BD6 /* Check Pods Manifest.lock */,
				6037EA8E1AEACDCE00FA2977 /* Sources */,
				6037EA8F1AEACDCE00FA2977 /* Frameworks */,
				6037EA901AEACDCE00FA2977 /* Resources */,
				E1C8297DD0E27CFE6332425C /* Embed Pods Frameworks */,
				E15E5B39F9B72E1274D528B5 /* Copy Pods Resources */,
			);
			buildRules = (
			);
			dependencies = (
			);
			name = demoPodApp;
			productName = demoPodApp;
			productReference = 6037EA921AEACDCE00FA2977 /* demoPodApp.app */;
			productType = "com.apple.product-type.application";
		};
		6037EAA61AEACDCE00FA2977 /* demoPodAppTests */ = {
			isa = PBXNativeTarget;
			buildConfigurationList = 6037EAB41AEACDCE00FA2977 /* Build configuration list for PBXNativeTarget "demoPodAppTests" */;
			buildPhases = (
				6037EAA31AEACDCE00FA2977 /* Sources */,
				6037EAA41AEACDCE00FA2977 /* Frameworks */,
				6037EAA51AEACDCE00FA2977 /* Resources */,
			);
			buildRules = (
			);
			dependencies = (
				6037EAA91AEACDCE00FA2977 /* PBXTargetDependency */,
			);
			name = demoPodAppTests;
			productName = demoPodAppTests;
			productReference = 6037EAA71AEACDCE00FA2977 /* demoPodAppTests.xctest */;
			productType = "com.apple.product-type.bundle.unit-test";
		};
/* End PBXNativeTarget section */

/* Begin PBXProject section */
		6037EA8A1AEACDCE00FA2977 /* Project object */ = {
			isa = PBXProject;
			attributes = {
				LastUpgradeCheck = 0630;
				ORGANIZATIONNAME = jalopezcar;
				TargetAttributes = {
					6037EA911AEACDCE00FA2977 = {
						CreatedOnToolsVersion = 6.3;
					};
					6037EAA61AEACDCE00FA2977 = {
						CreatedOnToolsVersion = 6.3;
						TestTargetID = 6037EA911AEACDCE00FA2977;
					};
				};
			};
			buildConfigurationList = 6037EA8D1AEACDCE00FA2977 /* Build configuration list for PBXProject "demoPodApp" */;
			compatibilityVersion = "Xcode 3.2";
			developmentRegion = English;
			hasScannedForEncodings = 0;
			knownRegions = (
				en,
				Base,
			);
			mainGroup = 6037EA891AEACDCE00FA2977;
			productRefGroup = 6037EA931AEACDCE00FA2977 /* Products */;
			projectDirPath = "";
			projectRoot = "";
			targets = (
				6037EA911AEACDCE00FA2977 /* demoPodApp */,
				6037EAA61AEACDCE00FA2977 /* demoPodAppTests */,
			);
		};
/* End PBXProject section */

/* Begin PBXResourcesBuildPhase section */
		6037EA901AEACDCE00FA2977 /* Resources */ = {
			isa = PBXResourcesBuildPhase;
			buildActionMask = 2147483647;
			files = (
				6037EA9D1AEACDCE00FA2977 /* Main.storyboard in Resources */,
				6037EAA21AEACDCE00FA2977 /* LaunchScreen.xib in Resources */,
				6037EA9F1AEACDCE00FA2977 /* Images.xcassets in Resources */,
			);
			runOnlyForDeploymentPostprocessing = 0;
		};
		6037EAA51AEACDCE00FA2977 /* Resources */ = {
			isa = PBXResourcesBuildPhase;
			buildActionMask = 2147483647;
			files = (
			);
			runOnlyForDeploymentPostprocessing = 0;
		};
/* End PBXResourcesBuildPhase section */

/* Begin PBXShellScriptBuildPhase section */
		E15E5B39F9B72E1274D528B5 /* Copy Pods Resources */ = {
			isa = PBXShellScriptBuildPhase;
			buildActionMask = 2147483647;
			files = (
			);
			inputPaths = (
			);
			name = "Copy Pods Resources";
			outputPaths = (
			);
			runOnlyForDeploymentPostprocessing = 0;
			shellPath = /bin/sh;
			shellScript = "\"${SRCROOT}/Pods/Target Support Files/Pods/Pods-resources.sh\"\n";
			showEnvVarsInLog = 0;
		};
		E1C8297DD0E27CFE6332425C /* Embed Pods Frameworks */ = {
			isa = PBXShellScriptBuildPhase;
			buildActionMask = 2147483647;
			files = (
			);
			inputPaths = (
			);
			name = "Embed Pods Frameworks";
			outputPaths = (
			);
			runOnlyForDeploymentPostprocessing = 0;
			shellPath = /bin/sh;
			shellScript = "\"${SRCROOT}/Pods/Target Support Files/Pods/Pods-frameworks.sh\"\n";
			showEnvVarsInLog = 0;
		};
		E29A1AA1FD5AFEDDCD567BD6 /* Check Pods Manifest.lock */ = {
			isa = PBXShellScriptBuildPhase;
			buildActionMask = 2147483647;
			files = (
			);
			inputPaths = (
			);
			name = "Check Pods Manifest.lock";
			outputPaths = (
			);
			runOnlyForDeploymentPostprocessing = 0;
			shellPath = /bin/sh;
			shellScript = "diff \"${PODS_ROOT}/../Podfile.lock\" \"${PODS_ROOT}/Manifest.lock\" > /dev/null\nif [[ $? != 0 ]] ; then\n    cat << EOM\nerror: The sandbox is not in sync with the Podfile.lock. Run 'pod install' or update your CocoaPods installation.\nEOM\n    exit 1\nfi\n";
			showEnvVarsInLog = 0;
		};
/* End PBXShellScriptBuildPhase section */

/* Begin PBXSourcesBuildPhase section */
		6037EA8E1AEACDCE00FA2977 /* Sources */ = {
			isa = PBXSourcesBuildPhase;
			buildActionMask = 2147483647;
			files = (
				6037EA9A1AEACDCE00FA2977 /* ViewController.swift in Sources */,
				6037EA981AEACDCE00FA2977 /* AppDelegate.swift in Sources */,
			);
			runOnlyForDeploymentPostprocessing = 0;
		};
		6037EAA31AEACDCE00FA2977 /* Sources */ = {
			isa = PBXSourcesBuildPhase;
			buildActionMask = 2147483647;
			files = (
				6037EAAE1AEACDCE00FA2977 /* demoPodAppTests.swift in Sources */,
			);
			runOnlyForDeploymentPostprocessing = 0;
		};
/* End PBXSourcesBuildPhase section */

/* Begin PBXTargetDependency section */
		6037EAA91AEACDCE00FA2977 /* PBXTargetDependency */ = {
			isa = PBXTargetDependency;
			target = 6037EA911AEACDCE00FA2977 /* demoPodApp */;
			targetProxy = 6037EAA81AEACDCE00FA2977 /* PBXContainerItemProxy */;
		};
/* End PBXTargetDependency section */

/* Begin PBXVariantGroup section */
		6037EA9B1AEACDCE00FA2977 /* Main.storyboard */ = {
			isa = PBXVariantGroup;
			children = (
				6037EA9C1AEACDCE00FA2977 /* Base */,
			);
			name = Main.storyboard;
			sourceTree = "<group>";
		};
		6037EAA01AEACDCE00FA2977 /* LaunchScreen.xib */ = {
			isa = PBXVariantGroup;
			children = (
				6037EAA11AEACDCE00FA2977 /* Base */,
			);
			name = LaunchScreen.xib;
			sourceTree = "<group>";
		};
/* End PBXVariantGroup section */

/* Begin XCBuildConfiguration section */
		6037EAAF1AEACDCE00FA2977 /* Debug */ = {
			isa = XCBuildConfiguration;
			buildSettings = {
				ALWAYS_SEARCH_USER_PATHS = NO;
				CLANG_CXX_LANGUAGE_STANDARD = "gnu++0x";
				CLANG_CXX_LIBRARY = "libc++";
				CLANG_ENABLE_MODULES = YES;
				CLANG_ENABLE_OBJC_ARC = YES;
				CLANG_WARN_BOOL_CONVERSION = YES;
				CLANG_WARN_CONSTANT_CONVERSION = YES;
				CLANG_WARN_DIRECT_OBJC_ISA_USAGE = YES_ERROR;
				CLANG_WARN_EMPTY_BODY = YES;
				CLANG_WARN_ENUM_CONVERSION = YES;
				CLANG_WARN_INT_CONVERSION = YES;
				CLANG_WARN_OBJC_ROOT_CLASS = YES_ERROR;
				CLANG_WARN_UNREACHABLE_CODE = YES;
				CLANG_WARN__DUPLICATE_METHOD_MATCH = YES;
				"CODE_SIGN_IDENTITY[sdk=iphoneos*]" = "iPhone Developer";
				COPY_PHASE_STRIP = NO;
				DEBUG_INFORMATION_FORMAT = "dwarf-with-dsym";
				ENABLE_STRICT_OBJC_MSGSEND = YES;
				GCC_C_LANGUAGE_STANDARD = gnu99;
				GCC_DYNAMIC_NO_PIC = NO;
				GCC_NO_COMMON_BLOCKS = YES;
				GCC_OPTIMIZATION_LEVEL = 0;
				GCC_PREPROCESSOR_DEFINITIONS = (
					"DEBUG=1",
					"$(inherited)",
				);
				GCC_SYMBOLS_PRIVATE_EXTERN = NO;
				GCC_WARN_64_TO_32_BIT_CONVERSION = YES;
				GCC_WARN_ABOUT_RETURN_TYPE = YES_ERROR;
				GCC_WARN_UNDECLARED_SELECTOR = YES;
				GCC_WARN_UNINITIALIZED_AUTOS = YES_AGGRESSIVE;
				GCC_WARN_UNUSED_FUNCTION = YES;
				GCC_WARN_UNUSED_VARIABLE = YES;
				IPHONEOS_DEPLOYMENT_TARGET = 8.3;
				MTL_ENABLE_DEBUG_INFO = YES;
				ONLY_ACTIVE_ARCH = YES;
				SDKROOT = iphoneos;
				SWIFT_OPTIMIZATION_LEVEL = "-Onone";
				TARGETED_DEVICE_FAMILY = "1,2";
			};
			name = Debug;
		};
		6037EAB01AEACDCE00FA2977 /* Release */ = {
			isa = XCBuildConfiguration;
			buildSettings = {
				ALWAYS_SEARCH_USER_PATHS = NO;
				CLANG_CXX_LANGUAGE_STANDARD = "gnu++0x";
				CLANG_CXX_LIBRARY = "libc++";
				CLANG_ENABLE_MODULES = YES;
				CLANG_ENABLE_OBJC_ARC = YES;
				CLANG_WARN_BOOL_CONVERSION = YES;
				CLANG_WARN_CONSTANT_CONVERSION = YES;
				CLANG_WARN_DIRECT_OBJC_ISA_USAGE = YES_ERROR;
				CLANG_WARN_EMPTY_BODY = YES;
				CLANG_WARN_ENUM_CONVERSION = YES;
				CLANG_WARN_INT_CONVERSION = YES;
				CLANG_WARN_OBJC_ROOT_CLASS = YES_ERROR;
				CLANG_WARN_UNREACHABLE_CODE = YES;
				CLANG_WARN__DUPLICATE_METHOD_MATCH = YES;
				"CODE_SIGN_IDENTITY[sdk=iphoneos*]" = "iPhone Developer";
				COPY_PHASE_STRIP = NO;
				DEBUG_INFORMATION_FORMAT = "dwarf-with-dsym";
				ENABLE_NS_ASSERTIONS = NO;
				ENABLE_STRICT_OBJC_MSGSEND = YES;
				GCC_C_LANGUAGE_STANDARD = gnu99;
				GCC_NO_COMMON_BLOCKS = YES;
				GCC_WARN_64_TO_32_BIT_CONVERSION = YES;
				GCC_WARN_ABOUT_RETURN_TYPE = YES_ERROR;
				GCC_WARN_UNDECLARED_SELECTOR = YES;
				GCC_WARN_UNINITIALIZED_AUTOS = YES_AGGRESSIVE;
				GCC_WARN_UNUSED_FUNCTION = YES;
				GCC_WARN_UNUSED_VARIABLE = YES;
				IPHONEOS_DEPLOYMENT_TARGET = 8.3;
				MTL_ENABLE_DEBUG_INFO = NO;
				SDKROOT = iphoneos;
				TARGETED_DEVICE_FAMILY = "1,2";
				VALIDATE_PRODUCT = YES;
			};
			name = Release;
		};
		6037EAB21AEACDCE00FA2977 /* Debug */ = {
			isa = XCBuildConfiguration;
			baseConfigurationReference = 94401E48871F9BFEFA784ABA /* Pods.debug.xcconfig */;
			buildSettings = {
				ASSETCATALOG_COMPILER_APPICON_NAME = AppIcon;
				INFOPLIST_FILE = demoPodApp/Info.plist;
				LD_RUNPATH_SEARCH_PATHS = "$(inherited) @executable_path/Frameworks";
				PRODUCT_NAME = "$(TARGET_NAME)";
			};
			name = Debug;
		};
		6037EAB31AEACDCE00FA2977 /* Release */ = {
			isa = XCBuildConfiguration;
			baseConfigurationReference = DD8E99CF16FE383C7CE09705 /* Pods.release.xcconfig */;
			buildSettings = {
				ASSETCATALOG_COMPILER_APPICON_NAME = AppIcon;
				INFOPLIST_FILE = demoPodApp/Info.plist;
				LD_RUNPATH_SEARCH_PATHS = "$(inherited) @executable_path/Frameworks";
				PRODUCT_NAME = "$(TARGET_NAME)";
			};
			name = Release;
		};
		6037EAB51AEACDCE00FA2977 /* Debug */ = {
			isa = XCBuildConfiguration;
			buildSettings = {
				BUNDLE_LOADER = "$(TEST_HOST)";
				FRAMEWORK_SEARCH_PATHS = (
					"$(SDKROOT)/Developer/Library/Frameworks",
					"$(inherited)",
				);
				GCC_PREPROCESSOR_DEFINITIONS = (
					"DEBUG=1",
					"$(inherited)",
				);
				INFOPLIST_FILE = demoPodAppTests/Info.plist;
				LD_RUNPATH_SEARCH_PATHS = "$(inherited) @executable_path/Frameworks @loader_path/Frameworks";
				PRODUCT_NAME = "$(TARGET_NAME)";
				TEST_HOST = "$(BUILT_PRODUCTS_DIR)/demoPodApp.app/demoPodApp";
			};
			name = Debug;
		};
		6037EAB61AEACDCE00FA2977 /* Release */ = {
			isa = XCBuildConfiguration;
			buildSettings = {
				BUNDLE_LOADER = "$(TEST_HOST)";
				FRAMEWORK_SEARCH_PATHS = (
					"$(SDKROOT)/Developer/Library/Frameworks",
					"$(inherited)",
				);
				INFOPLIST_FILE = demoPodAppTests/Info.plist;
				LD_RUNPATH_SEARCH_PATHS = "$(inherited) @executable_path/Frameworks @loader_path/Frameworks";
				PRODUCT_NAME = "$(TARGET_NAME)";
				TEST_HOST = "$(BUILT_PRODUCTS_DIR)/demoPodApp.app/demoPodApp";
			};
			name = Release;
		};
/* End XCBuildConfiguration section */

/* Begin XCConfigurationList section */
		6037EA8D1AEACDCE00FA2977 /* Build configuration list for PBXProject "demoPodApp" */ = {
			isa = XCConfigurationList;
			buildConfigurations = (
				6037EAAF1AEACDCE00FA2977 /* Debug */,
				6037EAB01AEACDCE00FA2977 /* Release */,
			);
			defaultConfigurationIsVisible = 0;
			defaultConfigurationName = Release;
		};
		6037EAB11AEACDCE00FA2977 /* Build configuration list for PBXNativeTarget "demoPodApp" */ = {
			isa = XCConfigurationList;
			buildConfigurations = (
				6037EAB21AEACDCE00FA2977 /* Debug */,
				6037EAB31AEACDCE00FA2977 /* Release */,
			);
			defaultConfigurationIsVisible = 0;
			defaultConfigurationName = Release;
		};
		6037EAB41AEACDCE00FA2977 /* Build configuration list for PBXNativeTarget "demoPodAppTests" */ = {
			isa = XCConfigurationList;
			buildConfigurations = (
				6037EAB51AEACDCE00FA2977 /* Debug */,
				6037EAB61AEACDCE00FA2977 /* Release */,
			);
			defaultConfigurationIsVisible = 0;
			defaultConfigurationName = Release;
		};
/* End XCConfigurationList section */
	};
	rootObject = 6037EA8A1AEACDCE00FA2977 /* Project object */;
}
